// !$*UTF8*$!
{
	archiveVersion = 1;
	classes = {
	};
	objectVersion = 46;
	objects = {

/* Begin PBXBuildFile section */
		490CF0871E49B359001F7F76 /* main.m in Sources */ = {isa = PBXBuildFile; fileRef = 490CF0861E49B359001F7F76 /* main.m */; };
		490CF08A1E49B359001F7F76 /* AppDelegate.m in Sources */ = {isa = PBXBuildFile; fileRef = 490CF0891E49B359001F7F76 /* AppDelegate.m */; };
		490CF0921E49B359001F7F76 /* Assets.xcassets in Resources */ = {isa = PBXBuildFile; fileRef = 490CF0911E49B359001F7F76 /* Assets.xcassets */; };
		490CF0951E49B359001F7F76 /* LaunchScreen.storyboard in Resources */ = {isa = PBXBuildFile; fileRef = 490CF0931E49B359001F7F76 /* LaunchScreen.storyboard */; };
		490CF1071E49B488001F7F76 /* libcrypto.a in Frameworks */ = {isa = PBXBuildFile; fileRef = 490CF1051E49B488001F7F76 /* libcrypto.a */; };
		490CF1081E49B488001F7F76 /* libssl.a in Frameworks */ = {isa = PBXBuildFile; fileRef = 490CF1061E49B488001F7F76 /* libssl.a */; };
		490CF10C1E49B4CD001F7F76 /* libstdc++.6.0.9.tbd in Frameworks */ = {isa = PBXBuildFile; fileRef = 490CF10B1E49B4CD001F7F76 /* libstdc++.6.0.9.tbd */; };
		490CF10E1E49B4D4001F7F76 /* libstdc++.tbd in Frameworks */ = {isa = PBXBuildFile; fileRef = 490CF10D1E49B4D4001F7F76 /* libstdc++.tbd */; };
		490CF1101E49B4E5001F7F76 /* OpenAL.framework in Frameworks */ = {isa = PBXBuildFile; fileRef = 490CF10F1E49B4E5001F7F76 /* OpenAL.framework */; };
		490CF1121E49B4EB001F7F76 /* CoreMedia.framework in Frameworks */ = {isa = PBXBuildFile; fileRef = 490CF1111E49B4EB001F7F76 /* CoreMedia.framework */; };
		490CF1141E49B4EF001F7F76 /* GLKit.framework in Frameworks */ = {isa = PBXBuildFile; fileRef = 490CF1131E49B4EF001F7F76 /* GLKit.framework */; };
		490CF1161E49B4FC001F7F76 /* AudioToolbox.framework in Frameworks */ = {isa = PBXBuildFile; fileRef = 490CF1151E49B4FC001F7F76 /* AudioToolbox.framework */; };
		490CF1181E49B501001F7F76 /* VideoToolbox.framework in Frameworks */ = {isa = PBXBuildFile; fileRef = 490CF1171E49B501001F7F76 /* VideoToolbox.framework */; };
		490CF11A1E49B515001F7F76 /* MobileCoreServices.framework in Frameworks */ = {isa = PBXBuildFile; fileRef = 490CF1191E49B515001F7F76 /* MobileCoreServices.framework */; };
		490CF11C1E49B51B001F7F76 /* SystemConfiguration.framework in Frameworks */ = {isa = PBXBuildFile; fileRef = 490CF11B1E49B51B001F7F76 /* SystemConfiguration.framework */; };
		490CF1291E49EF2A001F7F76 /* libiconv.tbd in Frameworks */ = {isa = PBXBuildFile; fileRef = 490CF1281E49EF2A001F7F76 /* libiconv.tbd */; };
		490CF12B1E49EF35001F7F76 /* AVFoundation.framework in Frameworks */ = {isa = PBXBuildFile; fileRef = 490CF12A1E49EF35001F7F76 /* AVFoundation.framework */; };
		49202E6D202850FD009952FF /* EZOpenSDKFramework.framework in Frameworks */ = {isa = PBXBuildFile; fileRef = 49202E6C202850FD009952FF /* EZOpenSDKFramework.framework */; };
		49202E6F20285136009952FF /* EZOpenSDKFramework.framework in CopyFiles */ = {isa = PBXBuildFile; fileRef = 49202E6C202850FD009952FF /* EZOpenSDKFramework.framework */; settings = {ATTRIBUTES = (CodeSignOnCopy, RemoveHeadersOnCopy, ); }; };
		493A98BC1E5D29A6003136A5 /* EZUIKitPlaybackViewController.m in Sources */ = {isa = PBXBuildFile; fileRef = 493A98AD1E5D29A6003136A5 /* EZUIKitPlaybackViewController.m */; };
		493A98BE1E5D29A6003136A5 /* MainViewController.m in Sources */ = {isa = PBXBuildFile; fileRef = 493A98B01E5D29A6003136A5 /* MainViewController.m */; };
		493A98BF1E5D29A6003136A5 /* MainViewController.xib in Resources */ = {isa = PBXBuildFile; fileRef = 493A98B11E5D29A6003136A5 /* MainViewController.xib */; };
		493A98C01E5D29A6003136A5 /* QRCodeScanViewController.m in Sources */ = {isa = PBXBuildFile; fileRef = 493A98B31E5D29A6003136A5 /* QRCodeScanViewController.m */; };
		493A98C11E5D29A6003136A5 /* QRCodeScanViewController.xib in Resources */ = {isa = PBXBuildFile; fileRef = 493A98B41E5D29A6003136A5 /* QRCodeScanViewController.xib */; };
		493A98C21E5D29A6003136A5 /* EZQRView.m in Sources */ = {isa = PBXBuildFile; fileRef = 493A98B71E5D29A6003136A5 /* EZQRView.m */; };
		493A98C31E5D29A6003136A5 /* Toast+UIView.m in Sources */ = {isa = PBXBuildFile; fileRef = 493A98B91E5D29A6003136A5 /* Toast+UIView.m */; settings = {COMPILER_FLAGS = "-fno-objc-arc"; }; };
		496488B01F6BC19600E4BB4C /* libbz2.tbd in Frameworks */ = {isa = PBXBuildFile; fileRef = 496488AF1F6BC19600E4BB4C /* libbz2.tbd */; };
		497E2DEF1E56D75600930EB0 /* Main.storyboard in Resources */ = {isa = PBXBuildFile; fileRef = 497E2DED1E56D75600930EB0 /* Main.storyboard */; };
		49A451231F95DA5A006B1E6F /* libEZUIKit.a in Frameworks */ = {isa = PBXBuildFile; fileRef = 49A451221F95DA5A006B1E6F /* libEZUIKit.a */; };
		49D4B41D1F691B7700ADF471 /* EZUIPlayBaseViewController.m in Sources */ = {isa = PBXBuildFile; fileRef = 49D4B41B1F69137100ADF471 /* EZUIPlayBaseViewController.m */; };
		49D4B4331F6B807900ADF471 /* EZUISelectViewController.m in Sources */ = {isa = PBXBuildFile; fileRef = 49D4B4301F6B7C7400ADF471 /* EZUISelectViewController.m */; };
		49D4B4341F6BA1DB00ADF471 /* EZUISelectViewController.xib in Resources */ = {isa = PBXBuildFile; fileRef = 49D4B4311F6B7C7400ADF471 /* EZUISelectViewController.xib */; };
		49DEDFE21EAE19A000C6207C /* EZPlaybackProgressBar.m in Sources */ = {isa = PBXBuildFile; fileRef = 49DEDFE01EAE111A00C6207C /* EZPlaybackProgressBar.m */; };
		49E744411F613D610033B555 /* Localizable.strings in Resources */ = {isa = PBXBuildFile; fileRef = 49E744431F613D610033B555 /* Localizable.strings */; };
		49F7DB1D1EC411C300AEAF1A /* EZUIKitViewController.m in Sources */ = {isa = PBXBuildFile; fileRef = 49F7DB1A1EC4105200AEAF1A /* EZUIKitViewController.m */; };
		49F7DB201EC4326000AEAF1A /* EZUIKitViewController.xib in Resources */ = {isa = PBXBuildFile; fileRef = 49F7DB1F1EC4324C00AEAF1A /* EZUIKitViewController.xib */; };
		49F7DB221EC4328F00AEAF1A /* EZUIKitPlaybackViewController.xib in Resources */ = {isa = PBXBuildFile; fileRef = 49F7DB211EC4328F00AEAF1A /* EZUIKitPlaybackViewController.xib */; };
/* End PBXBuildFile section */

/* Begin PBXCopyFilesBuildPhase section */
		49202E6E2028512D009952FF /* CopyFiles */ = {
			isa = PBXCopyFilesBuildPhase;
			buildActionMask = 2147483647;
			dstPath = "";
			dstSubfolderSpec = 10;
			files = (
				49202E6F20285136009952FF /* EZOpenSDKFramework.framework in CopyFiles */,
			);
			runOnlyForDeploymentPostprocessing = 0;
		};
/* End PBXCopyFilesBuildPhase section */

/* Begin PBXFileReference section */
		490CF0821E49B359001F7F76 /* EZUIKitDemo.app */ = {isa = PBXFileReference; explicitFileType = wrapper.application; includeInIndex = 0; path = EZUIKitDemo.app; sourceTree = BUILT_PRODUCTS_DIR; };
		490CF0861E49B359001F7F76 /* main.m */ = {isa = PBXFileReference; lastKnownFileType = sourcecode.c.objc; path = main.m; sourceTree = "<group>"; };
		490CF0881E49B359001F7F76 /* AppDelegate.h */ = {isa = PBXFileReference; lastKnownFileType = sourcecode.c.h; path = AppDelegate.h; sourceTree = "<group>"; };
		490CF0891E49B359001F7F76 /* AppDelegate.m */ = {isa = PBXFileReference; lastKnownFileType = sourcecode.c.objc; path = AppDelegate.m; sourceTree = "<group>"; };
		490CF0911E49B359001F7F76 /* Assets.xcassets */ = {isa = PBXFileReference; lastKnownFileType = folder.assetcatalog; path = Assets.xcassets; sourceTree = "<group>"; };
		490CF0941E49B359001F7F76 /* Base */ = {isa = PBXFileReference; lastKnownFileType = file.storyboard; name = Base; path = Base.lproj/LaunchScreen.storyboard; sourceTree = "<group>"; };
		490CF0961E49B359001F7F76 /* Info.plist */ = {isa = PBXFileReference; lastKnownFileType = text.plist.xml; path = Info.plist; sourceTree = "<group>"; };
		490CF0B51E49B488001F7F76 /* aes.h */ = {isa = PBXFileReference; fileEncoding = 4; lastKnownFileType = sourcecode.c.h; path = aes.h; sourceTree = "<group>"; };
		490CF0B61E49B488001F7F76 /* asn1.h */ = {isa = PBXFileReference; fileEncoding = 4; lastKnownFileType = sourcecode.c.h; path = asn1.h; sourceTree = "<group>"; };
		490CF0B71E49B488001F7F76 /* asn1_mac.h */ = {isa = PBXFileReference; fileEncoding = 4; lastKnownFileType = sourcecode.c.h; path = asn1_mac.h; sourceTree = "<group>"; };
		490CF0B81E49B488001F7F76 /* asn1t.h */ = {isa = PBXFileReference; fileEncoding = 4; lastKnownFileType = sourcecode.c.h; path = asn1t.h; sourceTree = "<group>"; };
		490CF0B91E49B488001F7F76 /* bio.h */ = {isa = PBXFileReference; fileEncoding = 4; lastKnownFileType = sourcecode.c.h; path = bio.h; sourceTree = "<group>"; };
		490CF0BA1E49B488001F7F76 /* blowfish.h */ = {isa = PBXFileReference; fileEncoding = 4; lastKnownFileType = sourcecode.c.h; path = blowfish.h; sourceTree = "<group>"; };
		490CF0BB1E49B488001F7F76 /* bn.h */ = {isa = PBXFileReference; fileEncoding = 4; lastKnownFileType = sourcecode.c.h; path = bn.h; sourceTree = "<group>"; };
		490CF0BC1E49B488001F7F76 /* buffer.h */ = {isa = PBXFileReference; fileEncoding = 4; lastKnownFileType = sourcecode.c.h; path = buffer.h; sourceTree = "<group>"; };
		490CF0BD1E49B488001F7F76 /* camellia.h */ = {isa = PBXFileReference; fileEncoding = 4; lastKnownFileType = sourcecode.c.h; path = camellia.h; sourceTree = "<group>"; };
		490CF0BE1E49B488001F7F76 /* cast.h */ = {isa = PBXFileReference; fileEncoding = 4; lastKnownFileType = sourcecode.c.h; path = cast.h; sourceTree = "<group>"; };
		490CF0BF1E49B488001F7F76 /* cmac.h */ = {isa = PBXFileReference; fileEncoding = 4; lastKnownFileType = sourcecode.c.h; path = cmac.h; sourceTree = "<group>"; };
		490CF0C01E49B488001F7F76 /* cms.h */ = {isa = PBXFileReference; fileEncoding = 4; lastKnownFileType = sourcecode.c.h; path = cms.h; sourceTree = "<group>"; };
		490CF0C11E49B488001F7F76 /* comp.h */ = {isa = PBXFileReference; fileEncoding = 4; lastKnownFileType = sourcecode.c.h; path = comp.h; sourceTree = "<group>"; };
		490CF0C21E49B488001F7F76 /* conf.h */ = {isa = PBXFileReference; fileEncoding = 4; lastKnownFileType = sourcecode.c.h; path = conf.h; sourceTree = "<group>"; };
		490CF0C31E49B488001F7F76 /* conf_api.h */ = {isa = PBXFileReference; fileEncoding = 4; lastKnownFileType = sourcecode.c.h; path = conf_api.h; sourceTree = "<group>"; };
		490CF0C41E49B488001F7F76 /* crypto.h */ = {isa = PBXFileReference; fileEncoding = 4; lastKnownFileType = sourcecode.c.h; path = crypto.h; sourceTree = "<group>"; };
		490CF0C51E49B488001F7F76 /* des.h */ = {isa = PBXFileReference; fileEncoding = 4; lastKnownFileType = sourcecode.c.h; path = des.h; sourceTree = "<group>"; };
		490CF0C61E49B488001F7F76 /* des_old.h */ = {isa = PBXFileReference; fileEncoding = 4; lastKnownFileType = sourcecode.c.h; path = des_old.h; sourceTree = "<group>"; };
		490CF0C71E49B488001F7F76 /* dh.h */ = {isa = PBXFileReference; fileEncoding = 4; lastKnownFileType = sourcecode.c.h; path = dh.h; sourceTree = "<group>"; };
		490CF0C81E49B488001F7F76 /* dsa.h */ = {isa = PBXFileReference; fileEncoding = 4; lastKnownFileType = sourcecode.c.h; path = dsa.h; sourceTree = "<group>"; };
		490CF0C91E49B488001F7F76 /* dso.h */ = {isa = PBXFileReference; fileEncoding = 4; lastKnownFileType = sourcecode.c.h; path = dso.h; sourceTree = "<group>"; };
		490CF0CA1E49B488001F7F76 /* dtls1.h */ = {isa = PBXFileReference; fileEncoding = 4; lastKnownFileType = sourcecode.c.h; path = dtls1.h; sourceTree = "<group>"; };
		490CF0CB1E49B488001F7F76 /* e_os2.h */ = {isa = PBXFileReference; fileEncoding = 4; lastKnownFileType = sourcecode.c.h; path = e_os2.h; sourceTree = "<group>"; };
		490CF0CC1E49B488001F7F76 /* ebcdic.h */ = {isa = PBXFileReference; fileEncoding = 4; lastKnownFileType = sourcecode.c.h; path = ebcdic.h; sourceTree = "<group>"; };
		490CF0CD1E49B488001F7F76 /* ec.h */ = {isa = PBXFileReference; fileEncoding = 4; lastKnownFileType = sourcecode.c.h; path = ec.h; sourceTree = "<group>"; };
		490CF0CE1E49B488001F7F76 /* ecdh.h */ = {isa = PBXFileReference; fileEncoding = 4; lastKnownFileType = sourcecode.c.h; path = ecdh.h; sourceTree = "<group>"; };
		490CF0CF1E49B488001F7F76 /* ecdsa.h */ = {isa = PBXFileReference; fileEncoding = 4; lastKnownFileType = sourcecode.c.h; path = ecdsa.h; sourceTree = "<group>"; };
		490CF0D01E49B488001F7F76 /* engine.h */ = {isa = PBXFileReference; fileEncoding = 4; lastKnownFileType = sourcecode.c.h; path = engine.h; sourceTree = "<group>"; };
		490CF0D11E49B488001F7F76 /* err.h */ = {isa = PBXFileReference; fileEncoding = 4; lastKnownFileType = sourcecode.c.h; path = err.h; sourceTree = "<group>"; };
		490CF0D21E49B488001F7F76 /* evp.h */ = {isa = PBXFileReference; fileEncoding = 4; lastKnownFileType = sourcecode.c.h; path = evp.h; sourceTree = "<group>"; };
		490CF0D31E49B488001F7F76 /* hmac.h */ = {isa = PBXFileReference; fileEncoding = 4; lastKnownFileType = sourcecode.c.h; path = hmac.h; sourceTree = "<group>"; };
		490CF0D41E49B488001F7F76 /* idea.h */ = {isa = PBXFileReference; fileEncoding = 4; lastKnownFileType = sourcecode.c.h; path = idea.h; sourceTree = "<group>"; };
		490CF0D51E49B488001F7F76 /* krb5_asn.h */ = {isa = PBXFileReference; fileEncoding = 4; lastKnownFileType = sourcecode.c.h; path = krb5_asn.h; sourceTree = "<group>"; };
		490CF0D61E49B488001F7F76 /* kssl.h */ = {isa = PBXFileReference; fileEncoding = 4; lastKnownFileType = sourcecode.c.h; path = kssl.h; sourceTree = "<group>"; };
		490CF0D71E49B488001F7F76 /* lhash.h */ = {isa = PBXFileReference; fileEncoding = 4; lastKnownFileType = sourcecode.c.h; path = lhash.h; sourceTree = "<group>"; };
		490CF0D81E49B488001F7F76 /* md2.h */ = {isa = PBXFileReference; fileEncoding = 4; lastKnownFileType = sourcecode.c.h; path = md2.h; sourceTree = "<group>"; };
		490CF0D91E49B488001F7F76 /* md4.h */ = {isa = PBXFileReference; fileEncoding = 4; lastKnownFileType = sourcecode.c.h; path = md4.h; sourceTree = "<group>"; };
		490CF0DA1E49B488001F7F76 /* md5.h */ = {isa = PBXFileReference; fileEncoding = 4; lastKnownFileType = sourcecode.c.h; path = md5.h; sourceTree = "<group>"; };
		490CF0DB1E49B488001F7F76 /* mdc2.h */ = {isa = PBXFileReference; fileEncoding = 4; lastKnownFileType = sourcecode.c.h; path = mdc2.h; sourceTree = "<group>"; };
		490CF0DC1E49B488001F7F76 /* modes.h */ = {isa = PBXFileReference; fileEncoding = 4; lastKnownFileType = sourcecode.c.h; path = modes.h; sourceTree = "<group>"; };
		490CF0DD1E49B488001F7F76 /* obj_mac.h */ = {isa = PBXFileReference; fileEncoding = 4; lastKnownFileType = sourcecode.c.h; path = obj_mac.h; sourceTree = "<group>"; };
		490CF0DE1E49B488001F7F76 /* objects.h */ = {isa = PBXFileReference; fileEncoding = 4; lastKnownFileType = sourcecode.c.h; path = objects.h; sourceTree = "<group>"; };
		490CF0DF1E49B488001F7F76 /* ocsp.h */ = {isa = PBXFileReference; fileEncoding = 4; lastKnownFileType = sourcecode.c.h; path = ocsp.h; sourceTree = "<group>"; };
		490CF0E01E49B488001F7F76 /* opensslconf.h */ = {isa = PBXFileReference; fileEncoding = 4; lastKnownFileType = sourcecode.c.h; path = opensslconf.h; sourceTree = "<group>"; };
		490CF0E11E49B488001F7F76 /* opensslv.h */ = {isa = PBXFileReference; fileEncoding = 4; lastKnownFileType = sourcecode.c.h; path = opensslv.h; sourceTree = "<group>"; };
		490CF0E21E49B488001F7F76 /* ossl_typ.h */ = {isa = PBXFileReference; fileEncoding = 4; lastKnownFileType = sourcecode.c.h; path = ossl_typ.h; sourceTree = "<group>"; };
		490CF0E31E49B488001F7F76 /* pem.h */ = {isa = PBXFileReference; fileEncoding = 4; lastKnownFileType = sourcecode.c.h; path = pem.h; sourceTree = "<group>"; };
		490CF0E41E49B488001F7F76 /* pem2.h */ = {isa = PBXFileReference; fileEncoding = 4; lastKnownFileType = sourcecode.c.h; path = pem2.h; sourceTree = "<group>"; };
		490CF0E51E49B488001F7F76 /* pkcs12.h */ = {isa = PBXFileReference; fileEncoding = 4; lastKnownFileType = sourcecode.c.h; path = pkcs12.h; sourceTree = "<group>"; };
		490CF0E61E49B488001F7F76 /* pkcs7.h */ = {isa = PBXFileReference; fileEncoding = 4; lastKnownFileType = sourcecode.c.h; path = pkcs7.h; sourceTree = "<group>"; };
		490CF0E71E49B488001F7F76 /* pq_compat.h */ = {isa = PBXFileReference; fileEncoding = 4; lastKnownFileType = sourcecode.c.h; path = pq_compat.h; sourceTree = "<group>"; };
		490CF0E81E49B488001F7F76 /* pqueue.h */ = {isa = PBXFileReference; fileEncoding = 4; lastKnownFileType = sourcecode.c.h; path = pqueue.h; sourceTree = "<group>"; };
		490CF0E91E49B488001F7F76 /* rand.h */ = {isa = PBXFileReference; fileEncoding = 4; lastKnownFileType = sourcecode.c.h; path = rand.h; sourceTree = "<group>"; };
		490CF0EA1E49B488001F7F76 /* rc2.h */ = {isa = PBXFileReference; fileEncoding = 4; lastKnownFileType = sourcecode.c.h; path = rc2.h; sourceTree = "<group>"; };
		490CF0EB1E49B488001F7F76 /* rc4.h */ = {isa = PBXFileReference; fileEncoding = 4; lastKnownFileType = sourcecode.c.h; path = rc4.h; sourceTree = "<group>"; };
		490CF0EC1E49B488001F7F76 /* ripemd.h */ = {isa = PBXFileReference; fileEncoding = 4; lastKnownFileType = sourcecode.c.h; path = ripemd.h; sourceTree = "<group>"; };
		490CF0ED1E49B488001F7F76 /* rsa.h */ = {isa = PBXFileReference; fileEncoding = 4; lastKnownFileType = sourcecode.c.h; path = rsa.h; sourceTree = "<group>"; };
		490CF0EE1E49B488001F7F76 /* safestack.h */ = {isa = PBXFileReference; fileEncoding = 4; lastKnownFileType = sourcecode.c.h; path = safestack.h; sourceTree = "<group>"; };
		490CF0EF1E49B488001F7F76 /* seed.h */ = {isa = PBXFileReference; fileEncoding = 4; lastKnownFileType = sourcecode.c.h; path = seed.h; sourceTree = "<group>"; };
		490CF0F01E49B488001F7F76 /* sha.h */ = {isa = PBXFileReference; fileEncoding = 4; lastKnownFileType = sourcecode.c.h; path = sha.h; sourceTree = "<group>"; };
		490CF0F11E49B488001F7F76 /* srp.h */ = {isa = PBXFileReference; fileEncoding = 4; lastKnownFileType = sourcecode.c.h; path = srp.h; sourceTree = "<group>"; };
		490CF0F21E49B488001F7F76 /* srtp.h */ = {isa = PBXFileReference; fileEncoding = 4; lastKnownFileType = sourcecode.c.h; path = srtp.h; sourceTree = "<group>"; };
		490CF0F31E49B488001F7F76 /* ssl.h */ = {isa = PBXFileReference; fileEncoding = 4; lastKnownFileType = sourcecode.c.h; path = ssl.h; sourceTree = "<group>"; };
		490CF0F41E49B488001F7F76 /* ssl2.h */ = {isa = PBXFileReference; fileEncoding = 4; lastKnownFileType = sourcecode.c.h; path = ssl2.h; sourceTree = "<group>"; };
		490CF0F51E49B488001F7F76 /* ssl23.h */ = {isa = PBXFileReference; fileEncoding = 4; lastKnownFileType = sourcecode.c.h; path = ssl23.h; sourceTree = "<group>"; };
		490CF0F61E49B488001F7F76 /* ssl3.h */ = {isa = PBXFileReference; fileEncoding = 4; lastKnownFileType = sourcecode.c.h; path = ssl3.h; sourceTree = "<group>"; };
		490CF0F71E49B488001F7F76 /* stack.h */ = {isa = PBXFileReference; fileEncoding = 4; lastKnownFileType = sourcecode.c.h; path = stack.h; sourceTree = "<group>"; };
		490CF0F81E49B488001F7F76 /* store.h */ = {isa = PBXFileReference; fileEncoding = 4; lastKnownFileType = sourcecode.c.h; path = store.h; sourceTree = "<group>"; };
		490CF0F91E49B488001F7F76 /* symhacks.h */ = {isa = PBXFileReference; fileEncoding = 4; lastKnownFileType = sourcecode.c.h; path = symhacks.h; sourceTree = "<group>"; };
		490CF0FA1E49B488001F7F76 /* tls1.h */ = {isa = PBXFileReference; fileEncoding = 4; lastKnownFileType = sourcecode.c.h; path = tls1.h; sourceTree = "<group>"; };
		490CF0FB1E49B488001F7F76 /* tmdiff.h */ = {isa = PBXFileReference; fileEncoding = 4; lastKnownFileType = sourcecode.c.h; path = tmdiff.h; sourceTree = "<group>"; };
		490CF0FC1E49B488001F7F76 /* ts.h */ = {isa = PBXFileReference; fileEncoding = 4; lastKnownFileType = sourcecode.c.h; path = ts.h; sourceTree = "<group>"; };
		490CF0FD1E49B488001F7F76 /* txt_db.h */ = {isa = PBXFileReference; fileEncoding = 4; lastKnownFileType = sourcecode.c.h; path = txt_db.h; sourceTree = "<group>"; };
		490CF0FE1E49B488001F7F76 /* ui.h */ = {isa = PBXFileReference; fileEncoding = 4; lastKnownFileType = sourcecode.c.h; path = ui.h; sourceTree = "<group>"; };
		490CF0FF1E49B488001F7F76 /* ui_compat.h */ = {isa = PBXFileReference; fileEncoding = 4; lastKnownFileType = sourcecode.c.h; path = ui_compat.h; sourceTree = "<group>"; };
		490CF1001E49B488001F7F76 /* whrlpool.h */ = {isa = PBXFileReference; fileEncoding = 4; lastKnownFileType = sourcecode.c.h; path = whrlpool.h; sourceTree = "<group>"; };
		490CF1011E49B488001F7F76 /* x509.h */ = {isa = PBXFileReference; fileEncoding = 4; lastKnownFileType = sourcecode.c.h; path = x509.h; sourceTree = "<group>"; };
		490CF1021E49B488001F7F76 /* x509_vfy.h */ = {isa = PBXFileReference; fileEncoding = 4; lastKnownFileType = sourcecode.c.h; path = x509_vfy.h; sourceTree = "<group>"; };
		490CF1031E49B488001F7F76 /* x509v3.h */ = {isa = PBXFileReference; fileEncoding = 4; lastKnownFileType = sourcecode.c.h; path = x509v3.h; sourceTree = "<group>"; };
		490CF1051E49B488001F7F76 /* libcrypto.a */ = {isa = PBXFileReference; lastKnownFileType = archive.ar; path = libcrypto.a; sourceTree = "<group>"; };
		490CF1061E49B488001F7F76 /* libssl.a */ = {isa = PBXFileReference; lastKnownFileType = archive.ar; path = libssl.a; sourceTree = "<group>"; };
		490CF10B1E49B4CD001F7F76 /* libstdc++.6.0.9.tbd */ = {isa = PBXFileReference; lastKnownFileType = "sourcecode.text-based-dylib-definition"; name = "libstdc++.6.0.9.tbd"; path = "usr/lib/libstdc++.6.0.9.tbd"; sourceTree = SDKROOT; };
		490CF10D1E49B4D4001F7F76 /* libstdc++.tbd */ = {isa = PBXFileReference; lastKnownFileType = "sourcecode.text-based-dylib-definition"; name = "libstdc++.tbd"; path = "usr/lib/libstdc++.tbd"; sourceTree = SDKROOT; };
		490CF10F1E49B4E5001F7F76 /* OpenAL.framework */ = {isa = PBXFileReference; lastKnownFileType = wrapper.framework; name = OpenAL.framework; path = System/Library/Frameworks/OpenAL.framework; sourceTree = SDKROOT; };
		490CF1111E49B4EB001F7F76 /* CoreMedia.framework */ = {isa = PBXFileReference; lastKnownFileType = wrapper.framework; name = CoreMedia.framework; path = System/Library/Frameworks/CoreMedia.framework; sourceTree = SDKROOT; };
		490CF1131E49B4EF001F7F76 /* GLKit.framework */ = {isa = PBXFileReference; lastKnownFileType = wrapper.framework; name = GLKit.framework; path = System/Library/Frameworks/GLKit.framework; sourceTree = SDKROOT; };
		490CF1151E49B4FC001F7F76 /* AudioToolbox.framework */ = {isa = PBXFileReference; lastKnownFileType = wrapper.framework; name = AudioToolbox.framework; path = System/Library/Frameworks/AudioToolbox.framework; sourceTree = SDKROOT; };
		490CF1171E49B501001F7F76 /* VideoToolbox.framework */ = {isa = PBXFileReference; lastKnownFileType = wrapper.framework; name = VideoToolbox.framework; path = System/Library/Frameworks/VideoToolbox.framework; sourceTree = SDKROOT; };
		490CF1191E49B515001F7F76 /* MobileCoreServices.framework */ = {isa = PBXFileReference; lastKnownFileType = wrapper.framework; name = MobileCoreServices.framework; path = System/Library/Frameworks/MobileCoreServices.framework; sourceTree = SDKROOT; };
		490CF11B1E49B51B001F7F76 /* SystemConfiguration.framework */ = {isa = PBXFileReference; lastKnownFileType = wrapper.framework; name = SystemConfiguration.framework; path = System/Library/Frameworks/SystemConfiguration.framework; sourceTree = SDKROOT; };
		490CF1281E49EF2A001F7F76 /* libiconv.tbd */ = {isa = PBXFileReference; lastKnownFileType = "sourcecode.text-based-dylib-definition"; name = libiconv.tbd; path = usr/lib/libiconv.tbd; sourceTree = SDKROOT; };
		490CF12A1E49EF35001F7F76 /* AVFoundation.framework */ = {isa = PBXFileReference; lastKnownFileType = wrapper.framework; name = AVFoundation.framework; path = System/Library/Frameworks/AVFoundation.framework; sourceTree = SDKROOT; };
		49202E6C202850FD009952FF /* EZOpenSDKFramework.framework */ = {isa = PBXFileReference; lastKnownFileType = wrapper.framework; path = EZOpenSDKFramework.framework; sourceTree = "<group>"; };
		493A98AC1E5D29A6003136A5 /* EZUIKitPlaybackViewController.h */ = {isa = PBXFileReference; fileEncoding = 4; lastKnownFileType = sourcecode.c.h; path = EZUIKitPlaybackViewController.h; sourceTree = "<group>"; };
		493A98AD1E5D29A6003136A5 /* EZUIKitPlaybackViewController.m */ = {isa = PBXFileReference; fileEncoding = 4; lastKnownFileType = sourcecode.c.objc; path = EZUIKitPlaybackViewController.m; sourceTree = "<group>"; };
		493A98AF1E5D29A6003136A5 /* MainViewController.h */ = {isa = PBXFileReference; fileEncoding = 4; lastKnownFileType = sourcecode.c.h; path = MainViewController.h; sourceTree = "<group>"; };
		493A98B01E5D29A6003136A5 /* MainViewController.m */ = {isa = PBXFileReference; fileEncoding = 4; lastKnownFileType = sourcecode.c.objc; path = MainViewController.m; sourceTree = "<group>"; };
		493A98B11E5D29A6003136A5 /* MainViewController.xib */ = {isa = PBXFileReference; fileEncoding = 4; lastKnownFileType = file.xib; path = MainViewController.xib; sourceTree = "<group>"; };
		493A98B21E5D29A6003136A5 /* QRCodeScanViewController.h */ = {isa = PBXFileReference; fileEncoding = 4; lastKnownFileType = sourcecode.c.h; path = QRCodeScanViewController.h; sourceTree = "<group>"; };
		493A98B31E5D29A6003136A5 /* QRCodeScanViewController.m */ = {isa = PBXFileReference; fileEncoding = 4; lastKnownFileType = sourcecode.c.objc; path = QRCodeScanViewController.m; sourceTree = "<group>"; };
		493A98B41E5D29A6003136A5 /* QRCodeScanViewController.xib */ = {isa = PBXFileReference; fileEncoding = 4; lastKnownFileType = file.xib; path = QRCodeScanViewController.xib; sourceTree = "<group>"; };
		493A98B61E5D29A6003136A5 /* EZQRView.h */ = {isa = PBXFileReference; fileEncoding = 4; lastKnownFileType = sourcecode.c.h; path = EZQRView.h; sourceTree = "<group>"; };
		493A98B71E5D29A6003136A5 /* EZQRView.m */ = {isa = PBXFileReference; fileEncoding = 4; lastKnownFileType = sourcecode.c.objc; path = EZQRView.m; sourceTree = "<group>"; };
		493A98B81E5D29A6003136A5 /* Toast+UIView.h */ = {isa = PBXFileReference; fileEncoding = 4; lastKnownFileType = sourcecode.c.h; path = "Toast+UIView.h"; sourceTree = "<group>"; };
		493A98B91E5D29A6003136A5 /* Toast+UIView.m */ = {isa = PBXFileReference; fileEncoding = 4; lastKnownFileType = sourcecode.c.objc; path = "Toast+UIView.m"; sourceTree = "<group>"; };
		496488AF1F6BC19600E4BB4C /* libbz2.tbd */ = {isa = PBXFileReference; lastKnownFileType = "sourcecode.text-based-dylib-definition"; name = libbz2.tbd; path = usr/lib/libbz2.tbd; sourceTree = SDKROOT; };
		497E2DEE1E56D75600930EB0 /* Base */ = {isa = PBXFileReference; lastKnownFileType = file.storyboard; name = Base; path = Base.lproj/Main.storyboard; sourceTree = "<group>"; };
		49A4511F1F95DA5A006B1E6F /* EZUIError.h */ = {isa = PBXFileReference; fileEncoding = 4; lastKnownFileType = sourcecode.c.h; path = EZUIError.h; sourceTree = "<group>"; };
		49A451201F95DA5A006B1E6F /* EZUIKit.h */ = {isa = PBXFileReference; fileEncoding = 4; lastKnownFileType = sourcecode.c.h; path = EZUIKit.h; sourceTree = "<group>"; };
		49A451211F95DA5A006B1E6F /* EZUIPlayer.h */ = {isa = PBXFileReference; fileEncoding = 4; lastKnownFileType = sourcecode.c.h; path = EZUIPlayer.h; sourceTree = "<group>"; };
		49A451221F95DA5A006B1E6F /* libEZUIKit.a */ = {isa = PBXFileReference; lastKnownFileType = archive.ar; path = libEZUIKit.a; sourceTree = "<group>"; };
		49D4B41A1F69137100ADF471 /* EZUIPlayBaseViewController.h */ = {isa = PBXFileReference; fileEncoding = 4; lastKnownFileType = sourcecode.c.h; path = EZUIPlayBaseViewController.h; sourceTree = "<group>"; };
		49D4B41B1F69137100ADF471 /* EZUIPlayBaseViewController.m */ = {isa = PBXFileReference; fileEncoding = 4; lastKnownFileType = sourcecode.c.objc; path = EZUIPlayBaseViewController.m; sourceTree = "<group>"; };
		49D4B42F1F6B7C7400ADF471 /* EZUISelectViewController.h */ = {isa = PBXFileReference; fileEncoding = 4; lastKnownFileType = sourcecode.c.h; path = EZUISelectViewController.h; sourceTree = "<group>"; };
		49D4B4301F6B7C7400ADF471 /* EZUISelectViewController.m */ = {isa = PBXFileReference; fileEncoding = 4; lastKnownFileType = sourcecode.c.objc; path = EZUISelectViewController.m; sourceTree = "<group>"; };
		49D4B4311F6B7C7400ADF471 /* EZUISelectViewController.xib */ = {isa = PBXFileReference; fileEncoding = 4; lastKnownFileType = file.xib; path = EZUISelectViewController.xib; sourceTree = "<group>"; };
		49DEDFDF1EAE111A00C6207C /* EZPlaybackProgressBar.h */ = {isa = PBXFileReference; fileEncoding = 4; lastKnownFileType = sourcecode.c.h; path = EZPlaybackProgressBar.h; sourceTree = "<group>"; };
		49DEDFE01EAE111A00C6207C /* EZPlaybackProgressBar.m */ = {isa = PBXFileReference; fileEncoding = 4; lastKnownFileType = sourcecode.c.objc; path = EZPlaybackProgressBar.m; sourceTree = "<group>"; };
		49E744421F613D610033B555 /* Base */ = {isa = PBXFileReference; lastKnownFileType = text.plist.strings; name = Base; path = Base.lproj/Localizable.strings; sourceTree = "<group>"; };
		49E744451F613D820033B555 /* zh-Hans */ = {isa = PBXFileReference; lastKnownFileType = text.plist.strings; name = "zh-Hans"; path = "zh-Hans.lproj/Localizable.strings"; sourceTree = "<group>"; };
		49F7DB1A1EC4105200AEAF1A /* EZUIKitViewController.m */ = {isa = PBXFileReference; fileEncoding = 4; lastKnownFileType = sourcecode.c.objc; path = EZUIKitViewController.m; sourceTree = "<group>"; };
		49F7DB1B1EC4105200AEAF1A /* EZUIKitViewController.h */ = {isa = PBXFileReference; fileEncoding = 4; lastKnownFileType = sourcecode.c.h; path = EZUIKitViewController.h; sourceTree = "<group>"; };
		49F7DB1F1EC4324C00AEAF1A /* EZUIKitViewController.xib */ = {isa = PBXFileReference; fileEncoding = 4; lastKnownFileType = file.xib; path = EZUIKitViewController.xib; sourceTree = "<group>"; };
		49F7DB211EC4328F00AEAF1A /* EZUIKitPlaybackViewController.xib */ = {isa = PBXFileReference; fileEncoding = 4; lastKnownFileType = file.xib; path = EZUIKitPlaybackViewController.xib; sourceTree = "<group>"; };
/* End PBXFileReference section */

/* Begin PBXFrameworksBuildPhase section */
		490CF07F1E49B359001F7F76 /* Frameworks */ = {
			isa = PBXFrameworksBuildPhase;
			buildActionMask = 2147483647;
			files = (
				496488B01F6BC19600E4BB4C /* libbz2.tbd in Frameworks */,
				490CF12B1E49EF35001F7F76 /* AVFoundation.framework in Frameworks */,
				490CF1291E49EF2A001F7F76 /* libiconv.tbd in Frameworks */,
				490CF11C1E49B51B001F7F76 /* SystemConfiguration.framework in Frameworks */,
				490CF11A1E49B515001F7F76 /* MobileCoreServices.framework in Frameworks */,
				490CF1181E49B501001F7F76 /* VideoToolbox.framework in Frameworks */,
				490CF1161E49B4FC001F7F76 /* AudioToolbox.framework in Frameworks */,
				49A451231F95DA5A006B1E6F /* libEZUIKit.a in Frameworks */,
				490CF1141E49B4EF001F7F76 /* GLKit.framework in Frameworks */,
				49202E6D202850FD009952FF /* EZOpenSDKFramework.framework in Frameworks */,
				490CF1121E49B4EB001F7F76 /* CoreMedia.framework in Frameworks */,
				490CF1101E49B4E5001F7F76 /* OpenAL.framework in Frameworks */,
				490CF10E1E49B4D4001F7F76 /* libstdc++.tbd in Frameworks */,
				490CF10C1E49B4CD001F7F76 /* libstdc++.6.0.9.tbd in Frameworks */,
				490CF1071E49B488001F7F76 /* libcrypto.a in Frameworks */,
				490CF1081E49B488001F7F76 /* libssl.a in Frameworks */,
			);
			runOnlyForDeploymentPostprocessing = 0;
		};
/* End PBXFrameworksBuildPhase section */

/* Begin PBXGroup section */
		490CF0791E49B359001F7F76 = {
			isa = PBXGroup;
			children = (
				490CF0841E49B359001F7F76 /* EZUIKit */,
				490CF0831E49B359001F7F76 /* Products */,
				490CF10A1E49B4CD001F7F76 /* Frameworks */,
			);
			sourceTree = "<group>";
		};
		490CF0831E49B359001F7F76 /* Products */ = {
			isa = PBXGroup;
			children = (
				490CF0821E49B359001F7F76 /* EZUIKitDemo.app */,
			);
			name = Products;
			sourceTree = "<group>";
		};
		490CF0841E49B359001F7F76 /* EZUIKit */ = {
			isa = PBXGroup;
			children = (
				49A4511D1F95DA5A006B1E6F /* EZUIKit */,
				493A98AB1E5D29A6003136A5 /* Controller */,
				493A98B51E5D29A6003136A5 /* CustomView */,
				493A98BA1E5D29A6003136A5 /* Resource */,
				490CF0B21E49B488001F7F76 /* Openssl */,
				490CF09C1E49B3E9001F7F76 /* EZOpenSDK */,
				490CF0881E49B359001F7F76 /* AppDelegate.h */,
				490CF0891E49B359001F7F76 /* AppDelegate.m */,
				497E2DED1E56D75600930EB0 /* Main.storyboard */,
				490CF0911E49B359001F7F76 /* Assets.xcassets */,
				490CF0931E49B359001F7F76 /* LaunchScreen.storyboard */,
				490CF0961E49B359001F7F76 /* Info.plist */,
				490CF0851E49B359001F7F76 /* Supporting Files */,
			);
			path = EZUIKit;
			sourceTree = "<group>";
		};
		490CF0851E49B359001F7F76 /* Supporting Files */ = {
			isa = PBXGroup;
			children = (
				490CF0861E49B359001F7F76 /* main.m */,
				49E744431F613D610033B555 /* Localizable.strings */,
			);
			name = "Supporting Files";
			sourceTree = "<group>";
		};
		490CF09C1E49B3E9001F7F76 /* EZOpenSDK */ = {
			isa = PBXGroup;
			children = (
				49202E6C202850FD009952FF /* EZOpenSDKFramework.framework */,
			);
			path = EZOpenSDK;
			sourceTree = "<group>";
		};
		490CF0B21E49B488001F7F76 /* Openssl */ = {
			isa = PBXGroup;
			children = (
				490CF0B31E49B488001F7F76 /* include */,
				490CF1041E49B488001F7F76 /* lib */,
			);
			path = Openssl;
			sourceTree = "<group>";
		};
		490CF0B31E49B488001F7F76 /* include */ = {
			isa = PBXGroup;
			children = (
				490CF0B41E49B488001F7F76 /* openssl */,
			);
			path = include;
			sourceTree = "<group>";
		};
		490CF0B41E49B488001F7F76 /* openssl */ = {
			isa = PBXGroup;
			children = (
				490CF0B51E49B488001F7F76 /* aes.h */,
				490CF0B61E49B488001F7F76 /* asn1.h */,
				490CF0B71E49B488001F7F76 /* asn1_mac.h */,
				490CF0B81E49B488001F7F76 /* asn1t.h */,
				490CF0B91E49B488001F7F76 /* bio.h */,
				490CF0BA1E49B488001F7F76 /* blowfish.h */,
				490CF0BB1E49B488001F7F76 /* bn.h */,
				490CF0BC1E49B488001F7F76 /* buffer.h */,
				490CF0BD1E49B488001F7F76 /* camellia.h */,
				490CF0BE1E49B488001F7F76 /* cast.h */,
				490CF0BF1E49B488001F7F76 /* cmac.h */,
				490CF0C01E49B488001F7F76 /* cms.h */,
				490CF0C11E49B488001F7F76 /* comp.h */,
				490CF0C21E49B488001F7F76 /* conf.h */,
				490CF0C31E49B488001F7F76 /* conf_api.h */,
				490CF0C41E49B488001F7F76 /* crypto.h */,
				490CF0C51E49B488001F7F76 /* des.h */,
				490CF0C61E49B488001F7F76 /* des_old.h */,
				490CF0C71E49B488001F7F76 /* dh.h */,
				490CF0C81E49B488001F7F76 /* dsa.h */,
				490CF0C91E49B488001F7F76 /* dso.h */,
				490CF0CA1E49B488001F7F76 /* dtls1.h */,
				490CF0CB1E49B488001F7F76 /* e_os2.h */,
				490CF0CC1E49B488001F7F76 /* ebcdic.h */,
				490CF0CD1E49B488001F7F76 /* ec.h */,
				490CF0CE1E49B488001F7F76 /* ecdh.h */,
				490CF0CF1E49B488001F7F76 /* ecdsa.h */,
				490CF0D01E49B488001F7F76 /* engine.h */,
				490CF0D11E49B488001F7F76 /* err.h */,
				490CF0D21E49B488001F7F76 /* evp.h */,
				490CF0D31E49B488001F7F76 /* hmac.h */,
				490CF0D41E49B488001F7F76 /* idea.h */,
				490CF0D51E49B488001F7F76 /* krb5_asn.h */,
				490CF0D61E49B488001F7F76 /* kssl.h */,
				490CF0D71E49B488001F7F76 /* lhash.h */,
				490CF0D81E49B488001F7F76 /* md2.h */,
				490CF0D91E49B488001F7F76 /* md4.h */,
				490CF0DA1E49B488001F7F76 /* md5.h */,
				490CF0DB1E49B488001F7F76 /* mdc2.h */,
				490CF0DC1E49B488001F7F76 /* modes.h */,
				490CF0DD1E49B488001F7F76 /* obj_mac.h */,
				490CF0DE1E49B488001F7F76 /* objects.h */,
				490CF0DF1E49B488001F7F76 /* ocsp.h */,
				490CF0E01E49B488001F7F76 /* opensslconf.h */,
				490CF0E11E49B488001F7F76 /* opensslv.h */,
				490CF0E21E49B488001F7F76 /* ossl_typ.h */,
				490CF0E31E49B488001F7F76 /* pem.h */,
				490CF0E41E49B488001F7F76 /* pem2.h */,
				490CF0E51E49B488001F7F76 /* pkcs12.h */,
				490CF0E61E49B488001F7F76 /* pkcs7.h */,
				490CF0E71E49B488001F7F76 /* pq_compat.h */,
				490CF0E81E49B488001F7F76 /* pqueue.h */,
				490CF0E91E49B488001F7F76 /* rand.h */,
				490CF0EA1E49B488001F7F76 /* rc2.h */,
				490CF0EB1E49B488001F7F76 /* rc4.h */,
				490CF0EC1E49B488001F7F76 /* ripemd.h */,
				490CF0ED1E49B488001F7F76 /* rsa.h */,
				490CF0EE1E49B488001F7F76 /* safestack.h */,
				490CF0EF1E49B488001F7F76 /* seed.h */,
				490CF0F01E49B488001F7F76 /* sha.h */,
				490CF0F11E49B488001F7F76 /* srp.h */,
				490CF0F21E49B488001F7F76 /* srtp.h */,
				490CF0F31E49B488001F7F76 /* ssl.h */,
				490CF0F41E49B488001F7F76 /* ssl2.h */,
				490CF0F51E49B488001F7F76 /* ssl23.h */,
				490CF0F61E49B488001F7F76 /* ssl3.h */,
				490CF0F71E49B488001F7F76 /* stack.h */,
				490CF0F81E49B488001F7F76 /* store.h */,
				490CF0F91E49B488001F7F76 /* symhacks.h */,
				490CF0FA1E49B488001F7F76 /* tls1.h */,
				490CF0FB1E49B488001F7F76 /* tmdiff.h */,
				490CF0FC1E49B488001F7F76 /* ts.h */,
				490CF0FD1E49B488001F7F76 /* txt_db.h */,
				490CF0FE1E49B488001F7F76 /* ui.h */,
				490CF0FF1E49B488001F7F76 /* ui_compat.h */,
				490CF1001E49B488001F7F76 /* whrlpool.h */,
				490CF1011E49B488001F7F76 /* x509.h */,
				490CF1021E49B488001F7F76 /* x509_vfy.h */,
				490CF1031E49B488001F7F76 /* x509v3.h */,
			);
			path = openssl;
			sourceTree = "<group>";
		};
		490CF1041E49B488001F7F76 /* lib */ = {
			isa = PBXGroup;
			children = (
				490CF1051E49B488001F7F76 /* libcrypto.a */,
				490CF1061E49B488001F7F76 /* libssl.a */,
			);
			path = lib;
			sourceTree = "<group>";
		};
		490CF10A1E49B4CD001F7F76 /* Frameworks */ = {
			isa = PBXGroup;
			children = (
				496488AF1F6BC19600E4BB4C /* libbz2.tbd */,
				490CF12A1E49EF35001F7F76 /* AVFoundation.framework */,
				490CF1281E49EF2A001F7F76 /* libiconv.tbd */,
				490CF11B1E49B51B001F7F76 /* SystemConfiguration.framework */,
				490CF1191E49B515001F7F76 /* MobileCoreServices.framework */,
				490CF1171E49B501001F7F76 /* VideoToolbox.framework */,
				490CF1151E49B4FC001F7F76 /* AudioToolbox.framework */,
				490CF1131E49B4EF001F7F76 /* GLKit.framework */,
				490CF1111E49B4EB001F7F76 /* CoreMedia.framework */,
				490CF10F1E49B4E5001F7F76 /* OpenAL.framework */,
				490CF10D1E49B4D4001F7F76 /* libstdc++.tbd */,
				490CF10B1E49B4CD001F7F76 /* libstdc++.6.0.9.tbd */,
			);
			name = Frameworks;
			sourceTree = "<group>";
		};
		493A98AB1E5D29A6003136A5 /* Controller */ = {
			isa = PBXGroup;
			children = (
				49D4B41A1F69137100ADF471 /* EZUIPlayBaseViewController.h */,
				49D4B41B1F69137100ADF471 /* EZUIPlayBaseViewController.m */,
				49F7DB1B1EC4105200AEAF1A /* EZUIKitViewController.h */,
				49F7DB1A1EC4105200AEAF1A /* EZUIKitViewController.m */,
				49F7DB1F1EC4324C00AEAF1A /* EZUIKitViewController.xib */,
				493A98AC1E5D29A6003136A5 /* EZUIKitPlaybackViewController.h */,
				493A98AD1E5D29A6003136A5 /* EZUIKitPlaybackViewController.m */,
				49F7DB211EC4328F00AEAF1A /* EZUIKitPlaybackViewController.xib */,
				493A98AF1E5D29A6003136A5 /* MainViewController.h */,
				493A98B01E5D29A6003136A5 /* MainViewController.m */,
				493A98B11E5D29A6003136A5 /* MainViewController.xib */,
				49D4B42F1F6B7C7400ADF471 /* EZUISelectViewController.h */,
				49D4B4301F6B7C7400ADF471 /* EZUISelectViewController.m */,
				49D4B4311F6B7C7400ADF471 /* EZUISelectViewController.xib */,
				493A98B21E5D29A6003136A5 /* QRCodeScanViewController.h */,
				493A98B31E5D29A6003136A5 /* QRCodeScanViewController.m */,
				493A98B41E5D29A6003136A5 /* QRCodeScanViewController.xib */,
			);
			path = Controller;
			sourceTree = "<group>";
		};
		493A98B51E5D29A6003136A5 /* CustomView */ = {
			isa = PBXGroup;
			children = (
				493A98B61E5D29A6003136A5 /* EZQRView.h */,
				493A98B71E5D29A6003136A5 /* EZQRView.m */,
				493A98B81E5D29A6003136A5 /* Toast+UIView.h */,
				493A98B91E5D29A6003136A5 /* Toast+UIView.m */,
				49DEDFDF1EAE111A00C6207C /* EZPlaybackProgressBar.h */,
				49DEDFE01EAE111A00C6207C /* EZPlaybackProgressBar.m */,
			);
			path = CustomView;
			sourceTree = "<group>";
		};
		493A98BA1E5D29A6003136A5 /* Resource */ = {
			isa = PBXGroup;
			children = (
			);
			path = Resource;
			sourceTree = "<group>";
		};
		49A4511D1F95DA5A006B1E6F /* EZUIKit */ = {
			isa = PBXGroup;
			children = (
				49A4511E1F95DA5A006B1E6F /* include */,
				49A451221F95DA5A006B1E6F /* libEZUIKit.a */,
			);
			path = EZUIKit;
			sourceTree = "<group>";
		};
		49A4511E1F95DA5A006B1E6F /* include */ = {
			isa = PBXGroup;
			children = (
				49A4511F1F95DA5A006B1E6F /* EZUIError.h */,
				49A451201F95DA5A006B1E6F /* EZUIKit.h */,
				49A451211F95DA5A006B1E6F /* EZUIPlayer.h */,
			);
			path = include;
			sourceTree = "<group>";
		};
/* End PBXGroup section */

/* Begin PBXNativeTarget section */
		490CF0811E49B359001F7F76 /* EZUIKitDemo */ = {
			isa = PBXNativeTarget;
			buildConfigurationList = 490CF0991E49B359001F7F76 /* Build configuration list for PBXNativeTarget "EZUIKitDemo" */;
			buildPhases = (
				490CF07E1E49B359001F7F76 /* Sources */,
				490CF07F1E49B359001F7F76 /* Frameworks */,
				490CF0801E49B359001F7F76 /* Resources */,
				49202E6E2028512D009952FF /* CopyFiles */,
			);
			buildRules = (
			);
			dependencies = (
			);
			name = EZUIKitDemo;
			productName = EZUIKit;
			productReference = 490CF0821E49B359001F7F76 /* EZUIKitDemo.app */;
			productType = "com.apple.product-type.application";
		};
/* End PBXNativeTarget section */

/* Begin PBXProject section */
		490CF07A1E49B359001F7F76 /* Project object */ = {
			isa = PBXProject;
			attributes = {
				LastUpgradeCheck = 0820;
				ORGANIZATIONNAME = linyong;
				TargetAttributes = {
					490CF0811E49B359001F7F76 = {
						CreatedOnToolsVersion = 8.2;
						DevelopmentTeam = 5DHDUGG7JV;
						ProvisioningStyle = Manual;
					};
				};
			};
			buildConfigurationList = 490CF07D1E49B359001F7F76 /* Build configuration list for PBXProject "EZUIKit" */;
			compatibilityVersion = "Xcode 3.2";
			developmentRegion = English;
			hasScannedForEncodings = 0;
			knownRegions = (
				Base,
				"zh-Hans",
				en,
			);
			mainGroup = 490CF0791E49B359001F7F76;
			productRefGroup = 490CF0831E49B359001F7F76 /* Products */;
			projectDirPath = "";
			projectRoot = "";
			targets = (
				490CF0811E49B359001F7F76 /* EZUIKitDemo */,
			);
		};
/* End PBXProject section */

/* Begin PBXResourcesBuildPhase section */
		490CF0801E49B359001F7F76 /* Resources */ = {
			isa = PBXResourcesBuildPhase;
			buildActionMask = 2147483647;
			files = (
				49D4B4341F6BA1DB00ADF471 /* EZUISelectViewController.xib in Resources */,
				490CF0951E49B359001F7F76 /* LaunchScreen.storyboard in Resources */,
				490CF0921E49B359001F7F76 /* Assets.xcassets in Resources */,
				493A98C11E5D29A6003136A5 /* QRCodeScanViewController.xib in Resources */,
				493A98BF1E5D29A6003136A5 /* MainViewController.xib in Resources */,
				49F7DB221EC4328F00AEAF1A /* EZUIKitPlaybackViewController.xib in Resources */,
				49E744411F613D610033B555 /* Localizable.strings in Resources */,
				49F7DB201EC4326000AEAF1A /* EZUIKitViewController.xib in Resources */,
				497E2DEF1E56D75600930EB0 /* Main.storyboard in Resources */,
			);
			runOnlyForDeploymentPostprocessing = 0;
		};
/* End PBXResourcesBuildPhase section */

/* Begin PBXSourcesBuildPhase section */
		490CF07E1E49B359001F7F76 /* Sources */ = {
			isa = PBXSourcesBuildPhase;
			buildActionMask = 2147483647;
			files = (
				493A98C01E5D29A6003136A5 /* QRCodeScanViewController.m in Sources */,
				49DEDFE21EAE19A000C6207C /* EZPlaybackProgressBar.m in Sources */,
				49D4B41D1F691B7700ADF471 /* EZUIPlayBaseViewController.m in Sources */,
				49F7DB1D1EC411C300AEAF1A /* EZUIKitViewController.m in Sources */,
				49D4B4331F6B807900ADF471 /* EZUISelectViewController.m in Sources */,
				493A98C31E5D29A6003136A5 /* Toast+UIView.m in Sources */,
				493A98BE1E5D29A6003136A5 /* MainViewController.m in Sources */,
				490CF08A1E49B359001F7F76 /* AppDelegate.m in Sources */,
				493A98C21E5D29A6003136A5 /* EZQRView.m in Sources */,
				490CF0871E49B359001F7F76 /* main.m in Sources */,
				493A98BC1E5D29A6003136A5 /* EZUIKitPlaybackViewController.m in Sources */,
			);
			runOnlyForDeploymentPostprocessing = 0;
		};
/* End PBXSourcesBuildPhase section */

/* Begin PBXVariantGroup section */
		490CF0931E49B359001F7F76 /* LaunchScreen.storyboard */ = {
			isa = PBXVariantGroup;
			children = (
				490CF0941E49B359001F7F76 /* Base */,
			);
			name = LaunchScreen.storyboard;
			sourceTree = "<group>";
		};
		497E2DED1E56D75600930EB0 /* Main.storyboard */ = {
			isa = PBXVariantGroup;
			children = (
				497E2DEE1E56D75600930EB0 /* Base */,
			);
			name = Main.storyboard;
			sourceTree = "<group>";
		};
		49E744431F613D610033B555 /* Localizable.strings */ = {
			isa = PBXVariantGroup;
			children = (
				49E744421F613D610033B555 /* Base */,
				49E744451F613D820033B555 /* zh-Hans */,
			);
			name = Localizable.strings;
			sourceTree = "<group>";
		};
/* End PBXVariantGroup section */

/* Begin XCBuildConfiguration section */
		490CF0971E49B359001F7F76 /* Debug */ = {
			isa = XCBuildConfiguration;
			buildSettings = {
				ALWAYS_SEARCH_USER_PATHS = NO;
				CLANG_ANALYZER_LOCALIZABILITY_NONLOCALIZED = YES;
				CLANG_ANALYZER_NONNULL = YES;
				CLANG_CXX_LANGUAGE_STANDARD = "gnu++0x";
				CLANG_CXX_LIBRARY = "libc++";
				CLANG_ENABLE_MODULES = YES;
				CLANG_ENABLE_OBJC_ARC = YES;
				CLANG_WARN_BOOL_CONVERSION = YES;
				CLANG_WARN_CONSTANT_CONVERSION = YES;
				CLANG_WARN_DIRECT_OBJC_ISA_USAGE = YES_ERROR;
				CLANG_WARN_DOCUMENTATION_COMMENTS = YES;
				CLANG_WARN_EMPTY_BODY = YES;
				CLANG_WARN_ENUM_CONVERSION = YES;
				CLANG_WARN_INFINITE_RECURSION = YES;
				CLANG_WARN_INT_CONVERSION = YES;
				CLANG_WARN_OBJC_ROOT_CLASS = YES_ERROR;
				CLANG_WARN_SUSPICIOUS_MOVE = YES;
				CLANG_WARN_UNREACHABLE_CODE = YES;
				CLANG_WARN__DUPLICATE_METHOD_MATCH = YES;
				"CODE_SIGN_IDENTITY[sdk=iphoneos*]" = "iPhone Developer";
				COPY_PHASE_STRIP = NO;
				DEBUG_INFORMATION_FORMAT = dwarf;
				ENABLE_STRICT_OBJC_MSGSEND = YES;
				ENABLE_TESTABILITY = YES;
				GCC_C_LANGUAGE_STANDARD = gnu99;
				GCC_DYNAMIC_NO_PIC = NO;
				GCC_NO_COMMON_BLOCKS = YES;
				GCC_OPTIMIZATION_LEVEL = 0;
				GCC_PREPROCESSOR_DEFINITIONS = (
					"DEBUG=1",
					"$(inherited)",
				);
				GCC_WARN_64_TO_32_BIT_CONVERSION = YES;
				GCC_WARN_ABOUT_RETURN_TYPE = YES_ERROR;
				GCC_WARN_UNDECLARED_SELECTOR = YES;
				GCC_WARN_UNINITIALIZED_AUTOS = YES_AGGRESSIVE;
				GCC_WARN_UNUSED_FUNCTION = YES;
				GCC_WARN_UNUSED_VARIABLE = YES;
				IPHONEOS_DEPLOYMENT_TARGET = 10.2;
				MTL_ENABLE_DEBUG_INFO = YES;
				ONLY_ACTIVE_ARCH = YES;
				SDKROOT = iphoneos;
			};
			name = Debug;
		};
		490CF0981E49B359001F7F76 /* Release */ = {
			isa = XCBuildConfiguration;
			buildSettings = {
				ALWAYS_SEARCH_USER_PATHS = NO;
				CLANG_ANALYZER_LOCALIZABILITY_NONLOCALIZED = YES;
				CLANG_ANALYZER_NONNULL = YES;
				CLANG_CXX_LANGUAGE_STANDARD = "gnu++0x";
				CLANG_CXX_LIBRARY = "libc++";
				CLANG_ENABLE_MODULES = YES;
				CLANG_ENABLE_OBJC_ARC = YES;
				CLANG_WARN_BOOL_CONVERSION = YES;
				CLANG_WARN_CONSTANT_CONVERSION = YES;
				CLANG_WARN_DIRECT_OBJC_ISA_USAGE = YES_ERROR;
				CLANG_WARN_DOCUMENTATION_COMMENTS = YES;
				CLANG_WARN_EMPTY_BODY = YES;
				CLANG_WARN_ENUM_CONVERSION = YES;
				CLANG_WARN_INFINITE_RECURSION = YES;
				CLANG_WARN_INT_CONVERSION = YES;
				CLANG_WARN_OBJC_ROOT_CLASS = YES_ERROR;
				CLANG_WARN_SUSPICIOUS_MOVE = YES;
				CLANG_WARN_UNREACHABLE_CODE = YES;
				CLANG_WARN__DUPLICATE_METHOD_MATCH = YES;
				"CODE_SIGN_IDENTITY[sdk=iphoneos*]" = "iPhone Developer";
				COPY_PHASE_STRIP = NO;
				DEBUG_INFORMATION_FORMAT = "dwarf-with-dsym";
				ENABLE_NS_ASSERTIONS = NO;
				ENABLE_STRICT_OBJC_MSGSEND = YES;
				GCC_C_LANGUAGE_STANDARD = gnu99;
				GCC_NO_COMMON_BLOCKS = YES;
				GCC_WARN_64_TO_32_BIT_CONVERSION = YES;
				GCC_WARN_ABOUT_RETURN_TYPE = YES_ERROR;
				GCC_WARN_UNDECLARED_SELECTOR = YES;
				GCC_WARN_UNINITIALIZED_AUTOS = YES_AGGRESSIVE;
				GCC_WARN_UNUSED_FUNCTION = YES;
				GCC_WARN_UNUSED_VARIABLE = YES;
				IPHONEOS_DEPLOYMENT_TARGET = 10.2;
				MTL_ENABLE_DEBUG_INFO = NO;
				SDKROOT = iphoneos;
				VALIDATE_PRODUCT = YES;
			};
			name = Release;
		};
		490CF09A1E49B359001F7F76 /* Debug */ = {
			isa = XCBuildConfiguration;
			buildSettings = {
				ASSETCATALOG_COMPILER_APPICON_NAME = AppIcon;
				"CODE_SIGN_IDENTITY[sdk=iphoneos*]" = "iPhone Distribution";
				DEVELOPMENT_TEAM = 5DHDUGG7JV;
				ENABLE_BITCODE = NO;
				FRAMEWORK_SEARCH_PATHS = (
					"$(inherited)",
					"$(PROJECT_DIR)/EZUIKit/EZOpenSDK",
				);
				INFOPLIST_FILE = EZUIKit/Info.plist;
				IPHONEOS_DEPLOYMENT_TARGET = 8.0;
				LD_RUNPATH_SEARCH_PATHS = "$(inherited) @executable_path/Frameworks";
				LIBRARY_SEARCH_PATHS = (
					"$(inherited)",
					"$(PROJECT_DIR)/EZUIKit/EZOpenSDK",
					"$(PROJECT_DIR)/EZUIKit/Openssl/lib",
					"$(PROJECT_DIR)/EZUIKit/EZUIKit",
				);
				OTHER_LDFLAGS = "-ObjC";
				PRODUCT_BUNDLE_IDENTIFIER = com.ezviz.uikitdemo;
				PRODUCT_NAME = "$(TARGET_NAME)";
				PROVISIONING_PROFILE = "87d151ff-6524-40bf-a28f-78124d66db28";
				PROVISIONING_PROFILE_SPECIFIER = uikitdemo_distribution;
			};
			name = Debug;
		};
		490CF09B1E49B359001F7F76 /* Release */ = {
			isa = XCBuildConfiguration;
			buildSettings = {
				ASSETCATALOG_COMPILER_APPICON_NAME = AppIcon;
				"CODE_SIGN_IDENTITY[sdk=iphoneos*]" = "iPhone Distribution";
				DEVELOPMENT_TEAM = 5DHDUGG7JV;
				ENABLE_BITCODE = NO;
				FRAMEWORK_SEARCH_PATHS = (
					"$(inherited)",
					"$(PROJECT_DIR)/EZUIKit/EZOpenSDK",
				);
				INFOPLIST_FILE = EZUIKit/Info.plist;
				IPHONEOS_DEPLOYMENT_TARGET = 8.0;
				LD_RUNPATH_SEARCH_PATHS = "$(inherited) @executable_path/Frameworks";
				LIBRARY_SEARCH_PATHS = (
					"$(inherited)",
					"$(PROJECT_DIR)/EZUIKit/EZOpenSDK",
					"$(PROJECT_DIR)/EZUIKit/Openssl/lib",
					"$(PROJECT_DIR)/EZUIKit/EZUIKit",
				);
				OTHER_LDFLAGS = "-ObjC";
				PRODUCT_BUNDLE_IDENTIFIER = com.ezviz.uikitdemo;
				PRODUCT_NAME = "$(TARGET_NAME)";
				PROVISIONING_PROFILE = "87d151ff-6524-40bf-a28f-78124d66db28";
				PROVISIONING_PROFILE_SPECIFIER = uikitdemo_distribution;
			};
			name = Release;
		};
/* End XCBuildConfiguration section */

/* Begin XCConfigurationList section */
		490CF07D1E49B359001F7F76 /* Build configuration list for PBXProject "EZUIKit" */ = {
			isa = XCConfigurationList;
			buildConfigurations = (
				490CF0971E49B359001F7F76 /* Debug */,
				490CF0981E49B359001F7F76 /* Release */,
			);
			defaultConfigurationIsVisible = 0;
			defaultConfigurationName = Release;
		};
		490CF0991E49B359001F7F76 /* Build configuration list for PBXNativeTarget "EZUIKitDemo" */ = {
			isa = XCConfigurationList;
			buildConfigurations = (
				490CF09A1E49B359001F7F76 /* Debug */,
				490CF09B1E49B359001F7F76 /* Release */,
			);
			defaultConfigurationIsVisible = 0;
			defaultConfigurationName = Release;
		};
/* End XCConfigurationList section */
	};
	rootObject = 490CF07A1E49B359001F7F76 /* Project object */;
}
